// !$*UTF8*$!
{
	archiveVersion = 1;
	classes = {
	};
	objectVersion = 56;
	objects = {

/* Begin PBXBuildFile section */
		4D3BC7272D022A9800F8DA5B /* AdConfig.swift in Sources */ = {isa = PBXBuildFile; fileRef = 4D3BC7252D022A9800F8DA5B /* AdConfig.swift */; };
		4D3BC72C2D022A9F00F8DA5B /* AppOpenAdManager.swift in Sources */ = {isa = PBXBuildFile; fileRef = 4D3BC7282D022A9F00F8DA5B /* AppOpenAdManager.swift */; };
		4D3BC72D2D022A9F00F8DA5B /* InterstitialAdManager.swift in Sources */ = {isa = PBXBuildFile; fileRef = 4D3BC7292D022A9F00F8DA5B /* InterstitialAdManager.swift */; };
		4D3BC72E2D022A9F00F8DA5B /* UserPreference.swift in Sources */ = {isa = PBXBuildFile; fileRef = 4D3BC72A2D022A9F00F8DA5B /* UserPreference.swift */; };
		4D3BC7312D022AA700F8DA5B /* MainTabBarController.swift in Sources */ = {isa = PBXBuildFile; fileRef = 4D3BC72F2D022AA700F8DA5B /* MainTabBarController.swift */; };
		4D3BC7562D022AB000F8DA5B /* AboutViewController.swift in Sources */ = {isa = PBXBuildFile; fileRef = 4D3BC7322D022AB000F8DA5B /* AboutViewController.swift */; };
		4D3BC7572D022AB000F8DA5B /* CommentItemModel.swift in Sources */ = {isa = PBXBuildFile; fileRef = 4D3BC7342D022AB000F8DA5B /* CommentItemModel.swift */; };
		4D3BC7582D022AB000F8DA5B /* CommentsViewController.swift in Sources */ = {isa = PBXBuildFile; fileRef = 4D3BC7362D022AB000F8DA5B /* CommentsViewController.swift */; };
		4D3BC7592D022AB000F8DA5B /* CommentTableViewCell.swift in Sources */ = {isa = PBXBuildFile; fileRef = 4D3BC7372D022AB000F8DA5B /* CommentTableViewCell.swift */; };
		4D3BC75A2D022AB000F8DA5B /* CommentsViewModel.swift in Sources */ = {isa = PBXBuildFile; fileRef = 4D3BC7392D022AB000F8DA5B /* CommentsViewModel.swift */; };
		4D3BC75B2D022AB000F8DA5B /* HomeItemModel.swift in Sources */ = {isa = PBXBuildFile; fileRef = 4D3BC73C2D022AB000F8DA5B /* HomeItemModel.swift */; };
		4D3BC75C2D022AB000F8DA5B /* HomeItemTableViewCell.swift in Sources */ = {isa = PBXBuildFile; fileRef = 4D3BC73E2D022AB000F8DA5B /* HomeItemTableViewCell.swift */; };
		4D3BC75D2D022AB000F8DA5B /* HomeViewController.swift in Sources */ = {isa = PBXBuildFile; fileRef = 4D3BC73F2D022AB000F8DA5B /* HomeViewController.swift */; };
		4D3BC75E2D022AB000F8DA5B /* HomeViewModel.swift in Sources */ = {isa = PBXBuildFile; fileRef = 4D3BC7412D022AB000F8DA5B /* HomeViewModel.swift */; };
		4D3BC75F2D022AB000F8DA5B /* ProfileItemModel.swift in Sources */ = {isa = PBXBuildFile; fileRef = 4D3BC7442D022AB000F8DA5B /* ProfileItemModel.swift */; };
		4D3BC7602D022AB000F8DA5B /* ProfileHeaderView.swift in Sources */ = {isa = PBXBuildFile; fileRef = 4D3BC7462D022AB000F8DA5B /* ProfileHeaderView.swift */; };
		4D3BC7612D022AB000F8DA5B /* ProfileItemTableViewCell.swift in Sources */ = {isa = PBXBuildFile; fileRef = 4D3BC7472D022AB000F8DA5B /* ProfileItemTableViewCell.swift */; };
		4D3BC7622D022AB000F8DA5B /* ProfileViewController.swift in Sources */ = {isa = PBXBuildFile; fileRef = 4D3BC7482D022AB000F8DA5B /* ProfileViewController.swift */; };
		4D3BC7632D022AB000F8DA5B /* ProfileViewModel.swift in Sources */ = {isa = PBXBuildFile; fileRef = 4D3BC74A2D022AB000F8DA5B /* ProfileViewModel.swift */; };
		4D3BC7642D022AB000F8DA5B /* SettingsItemModel.swift in Sources */ = {isa = PBXBuildFile; fileRef = 4D3BC74D2D022AB000F8DA5B /* SettingsItemModel.swift */; };
		4D3BC7652D022AB000F8DA5B /* SettingsItemTableViewCell.swift in Sources */ = {isa = PBXBuildFile; fileRef = 4D3BC74F2D022AB000F8DA5B /* SettingsItemTableViewCell.swift */; };
		4D3BC7662D022AB000F8DA5B /* SettingsViewController.swift in Sources */ = {isa = PBXBuildFile; fileRef = 4D3BC7502D022AB000F8DA5B /* SettingsViewController.swift */; };
		4D3BC7672D022AB000F8DA5B /* SettingsViewModel.swift in Sources */ = {isa = PBXBuildFile; fileRef = 4D3BC7522D022AB000F8DA5B /* SettingsViewModel.swift */; };
		4D5B85452D0248490076EDD5 /* GoogleMobileAds in Frameworks */ = {isa = PBXBuildFile; productRef = 4D5B85442D0248490076EDD5 /* GoogleMobileAds */; settings = {ATTRIBUTES = (Required, ); }; };
		4D8BE6A82CFDE18E0018F747 /* AppDelegate.swift in Sources */ = {isa = PBXBuildFile; fileRef = 4D8BE6A72CFDE18E0018F747 /* AppDelegate.swift */; };
		4D8BE6B12CFDE1910018F747 /* Assets.xcassets in Resources */ = {isa = PBXBuildFile; fileRef = 4D8BE6B02CFDE1910018F747 /* Assets.xcassets */; };
		4D8BE6B42CFDE1910018F747 /* Base in Resources */ = {isa = PBXBuildFile; fileRef = 4D8BE6B32CFDE1910018F747 /* Base */; };
/* End PBXBuildFile section */

/* Begin PBXFileReference section */
		4D3BC7252D022A9800F8DA5B /* AdConfig.swift */ = {isa = PBXFileReference; lastKnownFileType = sourcecode.swift; path = AdConfig.swift; sourceTree = "<group>"; };
		4D3BC7282D022A9F00F8DA5B /* AppOpenAdManager.swift */ = {isa = PBXFileReference; lastKnownFileType = sourcecode.swift; path = AppOpenAdManager.swift; sourceTree = "<group>"; };
		4D3BC7292D022A9F00F8DA5B /* InterstitialAdManager.swift */ = {isa = PBXFileReference; lastKnownFileType = sourcecode.swift; path = InterstitialAdManager.swift; sourceTree = "<group>"; };
		4D3BC72A2D022A9F00F8DA5B /* UserPreference.swift */ = {isa = PBXFileReference; lastKnownFileType = sourcecode.swift; path = UserPreference.swift; sourceTree = "<group>"; };
		4D3BC72F2D022AA700F8DA5B /* MainTabBarController.swift */ = {isa = PBXFileReference; lastKnownFileType = sourcecode.swift; path = MainTabBarController.swift; sourceTree = "<group>"; };
		4D3BC7322D022AB000F8DA5B /* AboutViewController.swift */ = {isa = PBXFileReference; lastKnownFileType = sourcecode.swift; path = AboutViewController.swift; sourceTree = "<group>"; };
		4D3BC7342D022AB000F8DA5B /* CommentItemModel.swift */ = {isa = PBXFileReference; lastKnownFileType = sourcecode.swift; path = CommentItemModel.swift; sourceTree = "<group>"; };
		4D3BC7362D022AB000F8DA5B /* CommentsViewController.swift */ = {isa = PBXFileReference; lastKnownFileType = sourcecode.swift; path = CommentsViewController.swift; sourceTree = "<group>"; };
		4D3BC7372D022AB000F8DA5B /* CommentTableViewCell.swift */ = {isa = PBXFileReference; lastKnownFileType = sourcecode.swift; path = CommentTableViewCell.swift; sourceTree = "<group>"; };
		4D3BC7392D022AB000F8DA5B /* CommentsViewModel.swift */ = {isa = PBXFileReference; lastKnownFileType = sourcecode.swift; path = CommentsViewModel.swift; sourceTree = "<group>"; };
		4D3BC73C2D022AB000F8DA5B /* HomeItemModel.swift */ = {isa = PBXFileReference; lastKnownFileType = sourcecode.swift; path = HomeItemModel.swift; sourceTree = "<group>"; };
		4D3BC73E2D022AB000F8DA5B /* HomeItemTableViewCell.swift */ = {isa = PBXFileReference; lastKnownFileType = sourcecode.swift; path = HomeItemTableViewCell.swift; sourceTree = "<group>"; };
		4D3BC73F2D022AB000F8DA5B /* HomeViewController.swift */ = {isa = PBXFileReference; lastKnownFileType = sourcecode.swift; path = HomeViewController.swift; sourceTree = "<group>"; };
		4D3BC7412D022AB000F8DA5B /* HomeViewModel.swift */ = {isa = PBXFileReference; lastKnownFileType = sourcecode.swift; path = HomeViewModel.swift; sourceTree = "<group>"; };
		4D3BC7442D022AB000F8DA5B /* ProfileItemModel.swift */ = {isa = PBXFileReference; lastKnownFileType = sourcecode.swift; path = ProfileItemModel.swift; sourceTree = "<group>"; };
		4D3BC7462D022AB000F8DA5B /* ProfileHeaderView.swift */ = {isa = PBXFileReference; lastKnownFileType = sourcecode.swift; path = ProfileHeaderView.swift; sourceTree = "<group>"; };
		4D3BC7472D022AB000F8DA5B /* ProfileItemTableViewCell.swift */ = {isa = PBXFileReference; lastKnownFileType = sourcecode.swift; path = ProfileItemTableViewCell.swift; sourceTree = "<group>"; };
		4D3BC7482D022AB000F8DA5B /* ProfileViewController.swift */ = {isa = PBXFileReference; lastKnownFileType = sourcecode.swift; path = ProfileViewController.swift; sourceTree = "<group>"; };
		4D3BC74A2D022AB000F8DA5B /* ProfileViewModel.swift */ = {isa = PBXFileReference; lastKnownFileType = sourcecode.swift; path = ProfileViewModel.swift; sourceTree = "<group>"; };
		4D3BC74D2D022AB000F8DA5B /* SettingsItemModel.swift */ = {isa = PBXFileReference; lastKnownFileType = sourcecode.swift; path = SettingsItemModel.swift; sourceTree = "<group>"; };
		4D3BC74F2D022AB000F8DA5B /* SettingsItemTableViewCell.swift */ = {isa = PBXFileReference; lastKnownFileType = sourcecode.swift; path = SettingsItemTableViewCell.swift; sourceTree = "<group>"; };
		4D3BC7502D022AB000F8DA5B /* SettingsViewController.swift */ = {isa = PBXFileReference; lastKnownFileType = sourcecode.swift; path = SettingsViewController.swift; sourceTree = "<group>"; };
		4D3BC7522D022AB000F8DA5B /* SettingsViewModel.swift */ = {isa = PBXFileReference; lastKnownFileType = sourcecode.swift; path = SettingsViewModel.swift; sourceTree = "<group>"; };
		4D51B06F2D022B74003139CE /* MuslimProTestApp.app */ = {isa = PBXFileReference; explicitFileType = wrapper.application; includeInIndex = 0; name = MuslimProTestApp.app; path = "/Users/asifreddot/Documents/asifreddot/MuslimProTestApp/build/Debug-iphoneos/MuslimProTestApp.app"; sourceTree = "<absolute>"; };
		4D8BE6A72CFDE18E0018F747 /* AppDelegate.swift */ = {isa = PBXFileReference; lastKnownFileType = sourcecode.swift; path = AppDelegate.swift; sourceTree = "<group>"; };
		4D8BE6B02CFDE1910018F747 /* Assets.xcassets */ = {isa = PBXFileReference; lastKnownFileType = folder.assetcatalog; path = Assets.xcassets; sourceTree = "<group>"; };
		4D8BE6B32CFDE1910018F747 /* Base */ = {isa = PBXFileReference; lastKnownFileType = file.storyboard; name = Base; path = Base.lproj/LaunchScreen.storyboard; sourceTree = "<group>"; };
		4D8BE6B52CFDE1910018F747 /* Info.plist */ = {isa = PBXFileReference; lastKnownFileType = text.plist.xml; path = Info.plist; sourceTree = "<group>"; };
/* End PBXFileReference section */

/* Begin PBXFrameworksBuildPhase section */
		4D8BE6A12CFDE18E0018F747 /* Frameworks */ = {
			isa = PBXFrameworksBuildPhase;
			buildActionMask = 2147483647;
			files = (
				4D5B85452D0248490076EDD5 /* GoogleMobileAds in Frameworks */,
			);
			runOnlyForDeploymentPostprocessing = 0;
		};
/* End PBXFrameworksBuildPhase section */

/* Begin PBXGroup section */
		4D3BC7262D022A9800F8DA5B /* Constants */ = {
			isa = PBXGroup;
			children = (
				4D3BC7252D022A9800F8DA5B /* AdConfig.swift */,
			);
			path = Constants;
			sourceTree = "<group>";
		};
		4D3BC72B2D022A9F00F8DA5B /* Managers */ = {
			isa = PBXGroup;
			children = (
				4D3BC7282D022A9F00F8DA5B /* AppOpenAdManager.swift */,
				4D3BC7292D022A9F00F8DA5B /* InterstitialAdManager.swift */,
				4D3BC72A2D022A9F00F8DA5B /* UserPreference.swift */,
			);
			path = Managers;
			sourceTree = "<group>";
		};
		4D3BC7302D022AA700F8DA5B /* Base */ = {
			isa = PBXGroup;
			children = (
				4D3BC72F2D022AA700F8DA5B /* MainTabBarController.swift */,
			);
			path = Base;
			sourceTree = "<group>";
		};
		4D3BC7332D022AB000F8DA5B /* About */ = {
			isa = PBXGroup;
			children = (
				4D3BC7322D022AB000F8DA5B /* AboutViewController.swift */,
			);
			path = About;
			sourceTree = "<group>";
		};
		4D3BC7352D022AB000F8DA5B /* Model */ = {
			isa = PBXGroup;
			children = (
				4D3BC7342D022AB000F8DA5B /* CommentItemModel.swift */,
			);
			path = Model;
			sourceTree = "<group>";
		};
		4D3BC7382D022AB000F8DA5B /* View */ = {
			isa = PBXGroup;
			children = (
				4D3BC7362D022AB000F8DA5B /* CommentsViewController.swift */,
				4D3BC7372D022AB000F8DA5B /* CommentTableViewCell.swift */,
			);
			path = View;
			sourceTree = "<group>";
		};
		4D3BC73A2D022AB000F8DA5B /* ViewModel */ = {
			isa = PBXGroup;
			children = (
				4D3BC7392D022AB000F8DA5B /* CommentsViewModel.swift */,
			);
			path = ViewModel;
			sourceTree = "<group>";
		};
		4D3BC73B2D022AB000F8DA5B /* Comments */ = {
			isa = PBXGroup;
			children = (
				4D3BC7352D022AB000F8DA5B /* Model */,
				4D3BC7382D022AB000F8DA5B /* View */,
				4D3BC73A2D022AB000F8DA5B /* ViewModel */,
			);
			path = Comments;
			sourceTree = "<group>";
		};
		4D3BC73D2D022AB000F8DA5B /* Model */ = {
			isa = PBXGroup;
			children = (
				4D3BC73C2D022AB000F8DA5B /* HomeItemModel.swift */,
			);
			path = Model;
			sourceTree = "<group>";
		};
		4D3BC7402D022AB000F8DA5B /* View */ = {
			isa = PBXGroup;
			children = (
				4D3BC73E2D022AB000F8DA5B /* HomeItemTableViewCell.swift */,
				4D3BC73F2D022AB000F8DA5B /* HomeViewController.swift */,
			);
			path = View;
			sourceTree = "<group>";
		};
		4D3BC7422D022AB000F8DA5B /* ViewModel */ = {
			isa = PBXGroup;
			children = (
				4D3BC7412D022AB000F8DA5B /* HomeViewModel.swift */,
			);
			path = ViewModel;
			sourceTree = "<group>";
		};
		4D3BC7432D022AB000F8DA5B /* Home */ = {
			isa = PBXGroup;
			children = (
				4D3BC73D2D022AB000F8DA5B /* Model */,
				4D3BC7402D022AB000F8DA5B /* View */,
				4D3BC7422D022AB000F8DA5B /* ViewModel */,
			);
			path = Home;
			sourceTree = "<group>";
		};
		4D3BC7452D022AB000F8DA5B /* Model */ = {
			isa = PBXGroup;
			children = (
				4D3BC7442D022AB000F8DA5B /* ProfileItemModel.swift */,
			);
			path = Model;
			sourceTree = "<group>";
		};
		4D3BC7492D022AB000F8DA5B /* View */ = {
			isa = PBXGroup;
			children = (
				4D3BC7462D022AB000F8DA5B /* ProfileHeaderView.swift */,
				4D3BC7472D022AB000F8DA5B /* ProfileItemTableViewCell.swift */,
				4D3BC7482D022AB000F8DA5B /* ProfileViewController.swift */,
			);
			path = View;
			sourceTree = "<group>";
		};
		4D3BC74B2D022AB000F8DA5B /* ViewModel */ = {
			isa = PBXGroup;
			children = (
				4D3BC74A2D022AB000F8DA5B /* ProfileViewModel.swift */,
			);
			path = ViewModel;
			sourceTree = "<group>";
		};
		4D3BC74C2D022AB000F8DA5B /* Profile */ = {
			isa = PBXGroup;
			children = (
				4D3BC7452D022AB000F8DA5B /* Model */,
				4D3BC7492D022AB000F8DA5B /* View */,
				4D3BC74B2D022AB000F8DA5B /* ViewModel */,
			);
			path = Profile;
			sourceTree = "<group>";
		};
		4D3BC74E2D022AB000F8DA5B /* Model */ = {
			isa = PBXGroup;
			children = (
				4D3BC74D2D022AB000F8DA5B /* SettingsItemModel.swift */,
			);
			path = Model;
			sourceTree = "<group>";
		};
		4D3BC7512D022AB000F8DA5B /* View */ = {
			isa = PBXGroup;
			children = (
				4D3BC74F2D022AB000F8DA5B /* SettingsItemTableViewCell.swift */,
				4D3BC7502D022AB000F8DA5B /* SettingsViewController.swift */,
			);
			path = View;
			sourceTree = "<group>";
		};
		4D3BC7532D022AB000F8DA5B /* ViewModel */ = {
			isa = PBXGroup;
			children = (
				4D3BC7522D022AB000F8DA5B /* SettingsViewModel.swift */,
			);
			path = ViewModel;
			sourceTree = "<group>";
		};
		4D3BC7542D022AB000F8DA5B /* Settings */ = {
			isa = PBXGroup;
			children = (
				4D3BC74E2D022AB000F8DA5B /* Model */,
				4D3BC7512D022AB000F8DA5B /* View */,
				4D3BC7532D022AB000F8DA5B /* ViewModel */,
			);
			path = Settings;
			sourceTree = "<group>";
		};
		4D3BC7552D022AB000F8DA5B /* Modules */ = {
			isa = PBXGroup;
			children = (
				4D3BC7332D022AB000F8DA5B /* About */,
				4D3BC73B2D022AB000F8DA5B /* Comments */,
				4D3BC7432D022AB000F8DA5B /* Home */,
				4D3BC74C2D022AB000F8DA5B /* Profile */,
				4D3BC7542D022AB000F8DA5B /* Settings */,
			);
			path = Modules;
			sourceTree = "<group>";
		};
		4D8BE69B2CFDE18E0018F747 = {
			isa = PBXGroup;
			children = (
				4D8BE6A62CFDE18E0018F747 /* MuslimProTestApp */,
			);
			sourceTree = "<group>";
		};
		4D8BE6A62CFDE18E0018F747 /* MuslimProTestApp */ = {
			isa = PBXGroup;
			children = (
				4D3BC7262D022A9800F8DA5B /* Constants */,
				4D3BC72B2D022A9F00F8DA5B /* Managers */,
				4D3BC7302D022AA700F8DA5B /* Base */,
				4D3BC7552D022AB000F8DA5B /* Modules */,
				4D8BE6A72CFDE18E0018F747 /* AppDelegate.swift */,
				4D8BE6B02CFDE1910018F747 /* Assets.xcassets */,
				4D8BE6B22CFDE1910018F747 /* LaunchScreen.storyboard */,
				4D8BE6B52CFDE1910018F747 /* Info.plist */,
			);
			path = MuslimProTestApp;
			sourceTree = "<group>";
		};
/* End PBXGroup section */

/* Begin PBXNativeTarget section */
		4D8BE6A32CFDE18E0018F747 /* MuslimProTestApp */ = {
			isa = PBXNativeTarget;
			buildConfigurationList = 4D8BE6CE2CFDE1920018F747 /* Build configuration list for PBXNativeTarget "MuslimProTestApp" */;
			buildPhases = (
				4D8BE6A02CFDE18E0018F747 /* Sources */,
				4D8BE6A12CFDE18E0018F747 /* Frameworks */,
				4D8BE6A22CFDE18E0018F747 /* Resources */,
			);
			buildRules = (
			);
			dependencies = (
			);
			name = MuslimProTestApp;
			packageProductDependencies = (
				4D5B85442D0248490076EDD5 /* GoogleMobileAds */,
			);
			productName = MuslimProTestApp;
			productReference = 4D51B06F2D022B74003139CE /* MuslimProTestApp.app */;
			productType = "com.apple.product-type.application";
		};
/* End PBXNativeTarget section */

/* Begin PBXProject section */
		4D8BE69C2CFDE18E0018F747 /* Project object */ = {
			isa = PBXProject;
			attributes = {
				BuildIndependentTargetsInParallel = 1;
				LastSwiftUpdateCheck = 1530;
				LastUpgradeCheck = 1610;
				TargetAttributes = {
					4D8BE6A32CFDE18E0018F747 = {
						CreatedOnToolsVersion = 15.3;
					};
				};
			};
			buildConfigurationList = 4D8BE69F2CFDE18E0018F747 /* Build configuration list for PBXProject "MuslimProTestApp" */;
			compatibilityVersion = "Xcode 14.0";
			developmentRegion = en;
			hasScannedForEncodings = 0;
			knownRegions = (
				en,
				Base,
			);
			mainGroup = 4D8BE69B2CFDE18E0018F747;
			packageReferences = (
				4D5B85432D0248490076EDD5 /* XCRemoteSwiftPackageReference "swift-package-manager-google-mobile-ads" */,
			);
			productRefGroup = 4D8BE69B2CFDE18E0018F747;
			projectDirPath = "";
			projectRoot = "";
			targets = (
				4D8BE6A32CFDE18E0018F747 /* MuslimProTestApp */,
			);
		};
/* End PBXProject section */

/* Begin PBXResourcesBuildPhase section */
		4D8BE6A22CFDE18E0018F747 /* Resources */ = {
			isa = PBXResourcesBuildPhase;
			buildActionMask = 2147483647;
			files = (
				4D8BE6B12CFDE1910018F747 /* Assets.xcassets in Resources */,
				4D8BE6B42CFDE1910018F747 /* Base in Resources */,
			);
			runOnlyForDeploymentPostprocessing = 0;
		};
/* End PBXResourcesBuildPhase section */

/* Begin PBXSourcesBuildPhase section */
		4D8BE6A02CFDE18E0018F747 /* Sources */ = {
			isa = PBXSourcesBuildPhase;
			buildActionMask = 2147483647;
			files = (
				4D3BC7272D022A9800F8DA5B /* AdConfig.swift in Sources */,
				4D3BC7312D022AA700F8DA5B /* MainTabBarController.swift in Sources */,
				4D3BC72C2D022A9F00F8DA5B /* AppOpenAdManager.swift in Sources */,
				4D3BC7562D022AB000F8DA5B /* AboutViewController.swift in Sources */,
				4D3BC7572D022AB000F8DA5B /* CommentItemModel.swift in Sources */,
				4D3BC7582D022AB000F8DA5B /* CommentsViewController.swift in Sources */,
				4D3BC7592D022AB000F8DA5B /* CommentTableViewCell.swift in Sources */,
				4D3BC75A2D022AB000F8DA5B /* CommentsViewModel.swift in Sources */,
				4D3BC75B2D022AB000F8DA5B /* HomeItemModel.swift in Sources */,
				4D3BC75C2D022AB000F8DA5B /* HomeItemTableViewCell.swift in Sources */,
				4D3BC75D2D022AB000F8DA5B /* HomeViewController.swift in Sources */,
				4D3BC75E2D022AB000F8DA5B /* HomeViewModel.swift in Sources */,
				4D3BC75F2D022AB000F8DA5B /* ProfileItemModel.swift in Sources */,
				4D3BC7602D022AB000F8DA5B /* ProfileHeaderView.swift in Sources */,
				4D3BC7612D022AB000F8DA5B /* ProfileItemTableViewCell.swift in Sources */,
				4D3BC7622D022AB000F8DA5B /* ProfileViewController.swift in Sources */,
				4D3BC7632D022AB000F8DA5B /* ProfileViewModel.swift in Sources */,
				4D3BC7642D022AB000F8DA5B /* SettingsItemModel.swift in Sources */,
				4D3BC7652D022AB000F8DA5B /* SettingsItemTableViewCell.swift in Sources */,
				4D3BC7662D022AB000F8DA5B /* SettingsViewController.swift in Sources */,
				4D3BC7672D022AB000F8DA5B /* SettingsViewModel.swift in Sources */,
				4D3BC72D2D022A9F00F8DA5B /* InterstitialAdManager.swift in Sources */,
				4D3BC72E2D022A9F00F8DA5B /* UserPreference.swift in Sources */,
				4D8BE6A82CFDE18E0018F747 /* AppDelegate.swift in Sources */,
			);
			runOnlyForDeploymentPostprocessing = 0;
		};
/* End PBXSourcesBuildPhase section */

/* Begin PBXVariantGroup section */
		4D8BE6B22CFDE1910018F747 /* LaunchScreen.storyboard */ = {
			isa = PBXVariantGroup;
			children = (
				4D8BE6B32CFDE1910018F747 /* Base */,
			);
			name = LaunchScreen.storyboard;
			sourceTree = "<group>";
		};
/* End PBXVariantGroup section */

/* Begin XCBuildConfiguration section */
		4D8BE6CC2CFDE1920018F747 /* Debug */ = {
			isa = XCBuildConfiguration;
			buildSettings = {
				ALWAYS_SEARCH_USER_PATHS = NO;
				ASSETCATALOG_COMPILER_GENERATE_SWIFT_ASSET_SYMBOL_EXTENSIONS = YES;
				CLANG_ANALYZER_NONNULL = YES;
				CLANG_ANALYZER_NUMBER_OBJECT_CONVERSION = YES_AGGRESSIVE;
				CLANG_CXX_LANGUAGE_STANDARD = "gnu++20";
				CLANG_ENABLE_MODULES = YES;
				CLANG_ENABLE_OBJC_ARC = YES;
				CLANG_ENABLE_OBJC_WEAK = YES;
				CLANG_WARN_BLOCK_CAPTURE_AUTORELEASING = YES;
				CLANG_WARN_BOOL_CONVERSION = YES;
				CLANG_WARN_COMMA = YES;
				CLANG_WARN_CONSTANT_CONVERSION = YES;
				CLANG_WARN_DEPRECATED_OBJC_IMPLEMENTATIONS = YES;
				CLANG_WARN_DIRECT_OBJC_ISA_USAGE = YES_ERROR;
				CLANG_WARN_DOCUMENTATION_COMMENTS = YES;
				CLANG_WARN_EMPTY_BODY = YES;
				CLANG_WARN_ENUM_CONVERSION = YES;
				CLANG_WARN_INFINITE_RECURSION = YES;
				CLANG_WARN_INT_CONVERSION = YES;
				CLANG_WARN_NON_LITERAL_NULL_CONVERSION = YES;
				CLANG_WARN_OBJC_IMPLICIT_RETAIN_SELF = YES;
				CLANG_WARN_OBJC_LITERAL_CONVERSION = YES;
				CLANG_WARN_OBJC_ROOT_CLASS = YES_ERROR;
				CLANG_WARN_QUOTED_INCLUDE_IN_FRAMEWORK_HEADER = YES;
				CLANG_WARN_RANGE_LOOP_ANALYSIS = YES;
				CLANG_WARN_STRICT_PROTOTYPES = YES;
				CLANG_WARN_SUSPICIOUS_MOVE = YES;
				CLANG_WARN_UNGUARDED_AVAILABILITY = YES_AGGRESSIVE;
				CLANG_WARN_UNREACHABLE_CODE = YES;
				CLANG_WARN__DUPLICATE_METHOD_MATCH = YES;
				COPY_PHASE_STRIP = NO;
				DEBUG_INFORMATION_FORMAT = dwarf;
				ENABLE_STRICT_OBJC_MSGSEND = YES;
				ENABLE_TESTABILITY = YES;
				ENABLE_USER_SCRIPT_SANDBOXING = NO;
				GCC_C_LANGUAGE_STANDARD = gnu17;
				GCC_DYNAMIC_NO_PIC = NO;
				GCC_NO_COMMON_BLOCKS = YES;
				GCC_OPTIMIZATION_LEVEL = 0;
				GCC_PREPROCESSOR_DEFINITIONS = (
					"DEBUG=1",
					"$(inherited)",
				);
				GCC_WARN_64_TO_32_BIT_CONVERSION = YES;
				GCC_WARN_ABOUT_RETURN_TYPE = YES_ERROR;
				GCC_WARN_UNDECLARED_SELECTOR = YES;
				GCC_WARN_UNINITIALIZED_AUTOS = YES_AGGRESSIVE;
				GCC_WARN_UNUSED_FUNCTION = YES;
				GCC_WARN_UNUSED_VARIABLE = YES;
				IPHONEOS_DEPLOYMENT_TARGET = 17.4;
				LOCALIZATION_PREFERS_STRING_CATALOGS = YES;
				MTL_ENABLE_DEBUG_INFO = INCLUDE_SOURCE;
				MTL_FAST_MATH = YES;
				ONLY_ACTIVE_ARCH = YES;
				SDKROOT = iphoneos;
				SWIFT_ACTIVE_COMPILATION_CONDITIONS = "DEBUG $(inherited)";
				SWIFT_OPTIMIZATION_LEVEL = "-Onone";
			};
			name = Debug;
		};
		4D8BE6CD2CFDE1920018F747 /* Release */ = {
			isa = XCBuildConfiguration;
			buildSettings = {
				ALWAYS_SEARCH_USER_PATHS = NO;
				ASSETCATALOG_COMPILER_GENERATE_SWIFT_ASSET_SYMBOL_EXTENSIONS = YES;
				CLANG_ANALYZER_NONNULL = YES;
				CLANG_ANALYZER_NUMBER_OBJECT_CONVERSION = YES_AGGRESSIVE;
				CLANG_CXX_LANGUAGE_STANDARD = "gnu++20";
				CLANG_ENABLE_MODULES = YES;
				CLANG_ENABLE_OBJC_ARC = YES;
				CLANG_ENABLE_OBJC_WEAK = YES;
				CLANG_WARN_BLOCK_CAPTURE_AUTORELEASING = YES;
				CLANG_WARN_BOOL_CONVERSION = YES;
				CLANG_WARN_COMMA = YES;
				CLANG_WARN_CONSTANT_CONVERSION = YES;
				CLANG_WARN_DEPRECATED_OBJC_IMPLEMENTATIONS = YES;
				CLANG_WARN_DIRECT_OBJC_ISA_USAGE = YES_ERROR;
				CLANG_WARN_DOCUMENTATION_COMMENTS = YES;
				CLANG_WARN_EMPTY_BODY = YES;
				CLANG_WARN_ENUM_CONVERSION = YES;
				CLANG_WARN_INFINITE_RECURSION = YES;
				CLANG_WARN_INT_CONVERSION = YES;
				CLANG_WARN_NON_LITERAL_NULL_CONVERSION = YES;
				CLANG_WARN_OBJC_IMPLICIT_RETAIN_SELF = YES;
				CLANG_WARN_OBJC_LITERAL_CONVERSION = YES;
				CLANG_WARN_OBJC_ROOT_CLASS = YES_ERROR;
				CLANG_WARN_QUOTED_INCLUDE_IN_FRAMEWORK_HEADER = YES;
				CLANG_WARN_RANGE_LOOP_ANALYSIS = YES;
				CLANG_WARN_STRICT_PROTOTYPES = YES;
				CLANG_WARN_SUSPICIOUS_MOVE = YES;
				CLANG_WARN_UNGUARDED_AVAILABILITY = YES_AGGRESSIVE;
				CLANG_WARN_UNREACHABLE_CODE = YES;
				CLANG_WARN__DUPLICATE_METHOD_MATCH = YES;
				COPY_PHASE_STRIP = NO;
				DEBUG_INFORMATION_FORMAT = "dwarf-with-dsym";
				ENABLE_NS_ASSERTIONS = NO;
				ENABLE_STRICT_OBJC_MSGSEND = YES;
				ENABLE_USER_SCRIPT_SANDBOXING = NO;
				GCC_C_LANGUAGE_STANDARD = gnu17;
				GCC_NO_COMMON_BLOCKS = YES;
				GCC_WARN_64_TO_32_BIT_CONVERSION = YES;
				GCC_WARN_ABOUT_RETURN_TYPE = YES_ERROR;
				GCC_WARN_UNDECLARED_SELECTOR = YES;
				GCC_WARN_UNINITIALIZED_AUTOS = YES_AGGRESSIVE;
				GCC_WARN_UNUSED_FUNCTION = YES;
				GCC_WARN_UNUSED_VARIABLE = YES;
				IPHONEOS_DEPLOYMENT_TARGET = 17.4;
				LOCALIZATION_PREFERS_STRING_CATALOGS = YES;
				MTL_ENABLE_DEBUG_INFO = NO;
				MTL_FAST_MATH = YES;
				SDKROOT = iphoneos;
				SWIFT_COMPILATION_MODE = wholemodule;
				VALIDATE_PRODUCT = YES;
			};
			name = Release;
		};
		4D8BE6CF2CFDE1920018F747 /* Debug */ = {
			isa = XCBuildConfiguration;
			buildSettings = {
				ASSETCATALOG_COMPILER_APPICON_NAME = AppIcon;
				ASSETCATALOG_COMPILER_GLOBAL_ACCENT_COLOR_NAME = AccentColor;
				CODE_SIGN_STYLE = Manual;
				CURRENT_PROJECT_VERSION = 1;
				DEVELOPMENT_TEAM = "";
				GENERATE_INFOPLIST_FILE = YES;
				INFOPLIST_FILE = MuslimProTestApp/Info.plist;
				INFOPLIST_KEY_UIApplicationSupportsIndirectInputEvents = YES;
				INFOPLIST_KEY_UILaunchStoryboardName = LaunchScreen;
				INFOPLIST_KEY_UISupportedInterfaceOrientations = UIInterfaceOrientationPortrait;
				IPHONEOS_DEPLOYMENT_TARGET = 17.0;
				LD_RUNPATH_SEARCH_PATHS = (
					"$(inherited)",
					"@executable_path/Frameworks",
				);
				MARKETING_VERSION = 1.0;
				PRODUCT_BUNDLE_IDENTIFIER = com.example.MuslimProTestApp;
				PRODUCT_NAME = "$(TARGET_NAME)";
				PROVISIONING_PROFILE_SPECIFIER = "";
				SWIFT_EMIT_LOC_STRINGS = YES;
				SWIFT_VERSION = 5.0;
				TARGETED_DEVICE_FAMILY = "1,2";
			};
			name = Debug;
		};
		4D8BE6D02CFDE1920018F747 /* Release */ = {
			isa = XCBuildConfiguration;
			buildSettings = {
				ASSETCATALOG_COMPILER_APPICON_NAME = AppIcon;
				ASSETCATALOG_COMPILER_GLOBAL_ACCENT_COLOR_NAME = AccentColor;
				CODE_SIGN_STYLE = Manual;
				CURRENT_PROJECT_VERSION = 1;
				DEVELOPMENT_TEAM = "";
				GENERATE_INFOPLIST_FILE = YES;
				INFOPLIST_FILE = MuslimProTestApp/Info.plist;
				INFOPLIST_KEY_UIApplicationSupportsIndirectInputEvents = YES;
				INFOPLIST_KEY_UILaunchStoryboardName = LaunchScreen;
				INFOPLIST_KEY_UISupportedInterfaceOrientations = UIInterfaceOrientationPortrait;
				IPHONEOS_DEPLOYMENT_TARGET = 17.0;
				LD_RUNPATH_SEARCH_PATHS = (
					"$(inherited)",
					"@executable_path/Frameworks",
				);
				MARKETING_VERSION = 1.0;
				PRODUCT_BUNDLE_IDENTIFIER = com.example.MuslimProTestApp;
				PRODUCT_NAME = "$(TARGET_NAME)";
				PROVISIONING_PROFILE_SPECIFIER = "";
				SWIFT_EMIT_LOC_STRINGS = YES;
				SWIFT_VERSION = 5.0;
				TARGETED_DEVICE_FAMILY = "1,2";
			};
			name = Release;
		};
/* End XCBuildConfiguration section */

/* Begin XCConfigurationList section */
		4D8BE69F2CFDE18E0018F747 /* Build configuration list for PBXProject "MuslimProTestApp" */ = {
			isa = XCConfigurationList;
			buildConfigurations = (
				4D8BE6CC2CFDE1920018F747 /* Debug */,
				4D8BE6CD2CFDE1920018F747 /* Release */,
			);
			defaultConfigurationIsVisible = 0;
			defaultConfigurationName = Release;
		};
		4D8BE6CE2CFDE1920018F747 /* Build configuration list for PBXNativeTarget "MuslimProTestApp" */ = {
			isa = XCConfigurationList;
			buildConfigurations = (
				4D8BE6CF2CFDE1920018F747 /* Debug */,
				4D8BE6D02CFDE1920018F747 /* Release */,
			);
			defaultConfigurationIsVisible = 0;
			defaultConfigurationName = Release;
		};
/* End XCConfigurationList section */

/* Begin XCRemoteSwiftPackageReference section */
		4D5B85432D0248490076EDD5 /* XCRemoteSwiftPackageReference "swift-package-manager-google-mobile-ads" */ = {
			isa = XCRemoteSwiftPackageReference;
			repositoryURL = "https://github.com/googleads/swift-package-manager-google-mobile-ads.git";
			requirement = {
				kind = exactVersion;
				version = 11.13.0;
			};
		};
/* End XCRemoteSwiftPackageReference section */

/* Begin XCSwiftPackageProductDependency section */
		4D5B85442D0248490076EDD5 /* GoogleMobileAds */ = {
			isa = XCSwiftPackageProductDependency;
			package = 4D5B85432D0248490076EDD5 /* XCRemoteSwiftPackageReference "swift-package-manager-google-mobile-ads" */;
			productName = GoogleMobileAds;
		};
/* End XCSwiftPackageProductDependency section */
	};
	rootObject = 4D8BE69C2CFDE18E0018F747 /* Project object */;
}
