// !$*UTF8*$!
{
	archiveVersion = 1;
	classes = {
	};
	objectVersion = 70;
	objects = {

/* Begin PBXBuildFile section */
		4D8BE6A82CFDE18E0018F747 /* AppDelegate.swift in Sources */ = {isa = PBXBuildFile; fileRef = 4D8BE6A72CFDE18E0018F747 /* AppDelegate.swift */; };
		4D8BE6B12CFDE1910018F747 /* Assets.xcassets in Resources */ = {isa = PBXBuildFile; fileRef = 4D8BE6B02CFDE1910018F747 /* Assets.xcassets */; };
		4D8BE6B42CFDE1910018F747 /* Base in Resources */ = {isa = PBXBuildFile; fileRef = 4D8BE6B32CFDE1910018F747 /* Base */; };
		4DEFCC092CFED107001A0F26 /* GoogleMobileAds in Frameworks */ = {isa = PBXBuildFile; productRef = 4DEFCC082CFED107001A0F26 /* GoogleMobileAds */; };
/* End PBXBuildFile section */

/* Begin PBXContainerItemProxy section */
		4D8BE6BB2CFDE1920018F747 /* PBXContainerItemProxy */ = {
			isa = PBXContainerItemProxy;
			containerPortal = 4D8BE69C2CFDE18E0018F747 /* Project object */;
			proxyType = 1;
			remoteGlobalIDString = 4D8BE6A32CFDE18E0018F747;
			remoteInfo = MuslimProTestApp;
		};
		4D8BE6C52CFDE1920018F747 /* PBXContainerItemProxy */ = {
			isa = PBXContainerItemProxy;
			containerPortal = 4D8BE69C2CFDE18E0018F747 /* Project object */;
			proxyType = 1;
			remoteGlobalIDString = 4D8BE6A32CFDE18E0018F747;
			remoteInfo = MuslimProTestApp;
		};
/* End PBXContainerItemProxy section */

/* Begin PBXFileReference section */
		4D8BE6A72CFDE18E0018F747 /* AppDelegate.swift */ = {isa = PBXFileReference; lastKnownFileType = sourcecode.swift; path = AppDelegate.swift; sourceTree = "<group>"; };
		4D8BE6B02CFDE1910018F747 /* Assets.xcassets */ = {isa = PBXFileReference; lastKnownFileType = folder.assetcatalog; path = Assets.xcassets; sourceTree = "<group>"; };
		4D8BE6B32CFDE1910018F747 /* Base */ = {isa = PBXFileReference; lastKnownFileType = file.storyboard; name = Base; path = Base.lproj/LaunchScreen.storyboard; sourceTree = "<group>"; };
		4D8BE6B52CFDE1910018F747 /* Info.plist */ = {isa = PBXFileReference; lastKnownFileType = text.plist.xml; path = Info.plist; sourceTree = "<group>"; };
		4DEFCC0A2CFED275001A0F26 /* MuslimProTestApp.app */ = {isa = PBXFileReference; explicitFileType = wrapper.application; includeInIndex = 0; path = MuslimProTestApp.app; sourceTree = BUILT_PRODUCTS_DIR; };
		4DEFCC462CFF9549001A0F26 /* MuslimProTestAppTests.xctest */ = {isa = PBXFileReference; explicitFileType = wrapper.cfbundle; includeInIndex = 0; name = MuslimProTestAppTests.xctest; path = "/Users/asifreddot/Documents/asifreddot/MuslimProTestApp/build/Debug-iphoneos/MuslimProTestApp.app/PlugIns/MuslimProTestAppTests.xctest"; sourceTree = "<absolute>"; };
		4DEFCC472CFF9549001A0F26 /* MuslimProTestAppUITests.xctest */ = {isa = PBXFileReference; explicitFileType = wrapper.cfbundle; includeInIndex = 0; name = MuslimProTestAppUITests.xctest; path = "/Users/asifreddot/Documents/asifreddot/MuslimProTestApp/build/Debug-iphoneos/MuslimProTestAppUITests-Runner.app/PlugIns/MuslimProTestAppUITests.xctest"; sourceTree = "<absolute>"; };
/* End PBXFileReference section */

/* Begin PBXFileSystemSynchronizedRootGroup section */
		4DEFCBE52CFE0D06001A0F26 /* Modules */ = {isa = PBXFileSystemSynchronizedRootGroup; explicitFileTypes = {}; explicitFolders = (); path = Modules; sourceTree = "<group>"; };
		4DEFCBF42CFE0DDC001A0F26 /* Base */ = {isa = PBXFileSystemSynchronizedRootGroup; explicitFileTypes = {}; explicitFolders = (); path = Base; sourceTree = "<group>"; };
		4DEFCC312CFEFE3B001A0F26 /* Managers */ = {isa = PBXFileSystemSynchronizedRootGroup; explicitFileTypes = {}; explicitFolders = (); path = Managers; sourceTree = "<group>"; };
		4DEFCC452CFF777C001A0F26 /* Constants */ = {isa = PBXFileSystemSynchronizedRootGroup; explicitFileTypes = {}; explicitFolders = (); path = Constants; sourceTree = "<group>"; };
/* End PBXFileSystemSynchronizedRootGroup section */

/* Begin PBXFrameworksBuildPhase section */
		4D8BE6A12CFDE18E0018F747 /* Frameworks */ = {
			isa = PBXFrameworksBuildPhase;
			buildActionMask = 2147483647;
			files = (
				4DEFCC092CFED107001A0F26 /* GoogleMobileAds in Frameworks */,
			);
			runOnlyForDeploymentPostprocessing = 0;
		};
		4D8BE6B72CFDE1920018F747 /* Frameworks */ = {
			isa = PBXFrameworksBuildPhase;
			buildActionMask = 2147483647;
			files = (
			);
			runOnlyForDeploymentPostprocessing = 0;
		};
		4D8BE6C12CFDE1920018F747 /* Frameworks */ = {
			isa = PBXFrameworksBuildPhase;
			buildActionMask = 2147483647;
			files = (
			);
			runOnlyForDeploymentPostprocessing = 0;
		};
/* End PBXFrameworksBuildPhase section */

/* Begin PBXGroup section */
		4D8BE69B2CFDE18E0018F747 = {
			isa = PBXGroup;
			children = (
				4D8BE6A62CFDE18E0018F747 /* MuslimProTestApp */,
				4DEFCC0A2CFED275001A0F26 /* MuslimProTestApp.app */,
			);
			sourceTree = "<group>";
		};
		4D8BE6A62CFDE18E0018F747 /* MuslimProTestApp */ = {
			isa = PBXGroup;
			children = (
				4DEFCC452CFF777C001A0F26 /* Constants */,
				4DEFCC312CFEFE3B001A0F26 /* Managers */,
				4DEFCBF42CFE0DDC001A0F26 /* Base */,
				4DEFCBE52CFE0D06001A0F26 /* Modules */,
				4D8BE6A72CFDE18E0018F747 /* AppDelegate.swift */,
				4D8BE6B02CFDE1910018F747 /* Assets.xcassets */,
				4D8BE6B22CFDE1910018F747 /* LaunchScreen.storyboard */,
				4D8BE6B52CFDE1910018F747 /* Info.plist */,
			);
			path = MuslimProTestApp;
			sourceTree = "<group>";
		};
/* End PBXGroup section */

/* Begin PBXNativeTarget section */
		4D8BE6A32CFDE18E0018F747 /* MuslimProTestApp */ = {
			isa = PBXNativeTarget;
			buildConfigurationList = 4D8BE6CE2CFDE1920018F747 /* Build configuration list for PBXNativeTarget "MuslimProTestApp" */;
			buildPhases = (
				4D8BE6A02CFDE18E0018F747 /* Sources */,
				4D8BE6A12CFDE18E0018F747 /* Frameworks */,
				4D8BE6A22CFDE18E0018F747 /* Resources */,
			);
			buildRules = (
			);
			dependencies = (
			);
			fileSystemSynchronizedGroups = (
				4DEFCBE52CFE0D06001A0F26 /* Modules */,
				4DEFCBF42CFE0DDC001A0F26 /* Base */,
				4DEFCC312CFEFE3B001A0F26 /* Managers */,
				4DEFCC452CFF777C001A0F26 /* Constants */,
			);
			name = MuslimProTestApp;
			productName = MuslimProTestApp;
			productReference = 4DEFCC0A2CFED275001A0F26 /* MuslimProTestApp.app */;
			productType = "com.apple.product-type.application";
		};
		4D8BE6B92CFDE1920018F747 /* MuslimProTestAppTests */ = {
			isa = PBXNativeTarget;
			buildConfigurationList = 4D8BE6D12CFDE1920018F747 /* Build configuration list for PBXNativeTarget "MuslimProTestAppTests" */;
			buildPhases = (
				A09B3C8218C5F6131E4322CC /* [CP] Check Pods Manifest.lock */,
				4D8BE6B62CFDE1920018F747 /* Sources */,
				4D8BE6B72CFDE1920018F747 /* Frameworks */,
				4D8BE6B82CFDE1920018F747 /* Resources */,
			);
			buildRules = (
			);
			dependencies = (
				4D8BE6BC2CFDE1920018F747 /* PBXTargetDependency */,
			);
			name = MuslimProTestAppTests;
			productName = MuslimProTestAppTests;
			productReference = 4DEFCC462CFF9549001A0F26 /* MuslimProTestAppTests.xctest */;
			productType = "com.apple.product-type.bundle.unit-test";
		};
		4D8BE6C32CFDE1920018F747 /* MuslimProTestAppUITests */ = {
			isa = PBXNativeTarget;
			buildConfigurationList = 4D8BE6D42CFDE1920018F747 /* Build configuration list for PBXNativeTarget "MuslimProTestAppUITests" */;
			buildPhases = (
				78F3137D88F0BA5C4F4F85B9 /* [CP] Check Pods Manifest.lock */,
				4D8BE6C02CFDE1920018F747 /* Sources */,
				4D8BE6C12CFDE1920018F747 /* Frameworks */,
				4D8BE6C22CFDE1920018F747 /* Resources */,
				CB3130FC0D3CFCB50757ED2F /* [CP] Copy Pods Resources */,
			);
			buildRules = (
			);
			dependencies = (
				4D8BE6C62CFDE1920018F747 /* PBXTargetDependency */,
			);
			name = MuslimProTestAppUITests;
			productName = MuslimProTestAppUITests;
			productReference = 4DEFCC472CFF9549001A0F26 /* MuslimProTestAppUITests.xctest */;
			productType = "com.apple.product-type.bundle.ui-testing";
		};
/* End PBXNativeTarget section */

/* Begin PBXProject section */
		4D8BE69C2CFDE18E0018F747 /* Project object */ = {
			isa = PBXProject;
			attributes = {
				BuildIndependentTargetsInParallel = 1;
				LastSwiftUpdateCheck = 1530;
				LastUpgradeCheck = 1610;
				TargetAttributes = {
					4D8BE6A32CFDE18E0018F747 = {
						CreatedOnToolsVersion = 15.3;
					};
					4D8BE6B92CFDE1920018F747 = {
						CreatedOnToolsVersion = 15.3;
						TestTargetID = 4D8BE6A32CFDE18E0018F747;
					};
					4D8BE6C32CFDE1920018F747 = {
						CreatedOnToolsVersion = 15.3;
						TestTargetID = 4D8BE6A32CFDE18E0018F747;
					};
				};
			};
			buildConfigurationList = 4D8BE69F2CFDE18E0018F747 /* Build configuration list for PBXProject "MuslimProTestApp" */;
			compatibilityVersion = "Xcode 14.0";
			developmentRegion = en;
			hasScannedForEncodings = 0;
			knownRegions = (
				en,
				Base,
			);
			mainGroup = 4D8BE69B2CFDE18E0018F747;
			packageReferences = (
				4DEFCC072CFED107001A0F26 /* XCRemoteSwiftPackageReference "swift-package-manager-google-mobile-ads" */,
			);
			productRefGroup = 4D8BE69B2CFDE18E0018F747;
			projectDirPath = "";
			projectRoot = "";
			targets = (
				4D8BE6A32CFDE18E0018F747 /* MuslimProTestApp */,
				4D8BE6B92CFDE1920018F747 /* MuslimProTestAppTests */,
				4D8BE6C32CFDE1920018F747 /* MuslimProTestAppUITests */,
			);
		};
/* End PBXProject section */

/* Begin PBXResourcesBuildPhase section */
		4D8BE6A22CFDE18E0018F747 /* Resources */ = {
			isa = PBXResourcesBuildPhase;
			buildActionMask = 2147483647;
			files = (
				4D8BE6B12CFDE1910018F747 /* Assets.xcassets in Resources */,
				4D8BE6B42CFDE1910018F747 /* Base in Resources */,
			);
			runOnlyForDeploymentPostprocessing = 0;
		};
		4D8BE6B82CFDE1920018F747 /* Resources */ = {
			isa = PBXResourcesBuildPhase;
			buildActionMask = 2147483647;
			files = (
			);
			runOnlyForDeploymentPostprocessing = 0;
		};
		4D8BE6C22CFDE1920018F747 /* Resources */ = {
			isa = PBXResourcesBuildPhase;
			buildActionMask = 2147483647;
			files = (
			);
			runOnlyForDeploymentPostprocessing = 0;
		};
/* End PBXResourcesBuildPhase section */

/* Begin PBXShellScriptBuildPhase section */
		78F3137D88F0BA5C4F4F85B9 /* [CP] Check Pods Manifest.lock */ = {
			isa = PBXShellScriptBuildPhase;
			buildActionMask = 2147483647;
			files = (
			);
			inputFileListPaths = (
			);
			inputPaths = (
				"${PODS_PODFILE_DIR_PATH}/Podfile.lock",
				"${PODS_ROOT}/Manifest.lock",
			);
			name = "[CP] Check Pods Manifest.lock";
			outputFileListPaths = (
			);
			outputPaths = (
				"$(DERIVED_FILE_DIR)/Pods-MuslimProTestApp-MuslimProTestAppUITests-checkManifestLockResult.txt",
			);
			runOnlyForDeploymentPostprocessing = 0;
			shellPath = /bin/sh;
			shellScript = "diff \"${PODS_PODFILE_DIR_PATH}/Podfile.lock\" \"${PODS_ROOT}/Manifest.lock\" > /dev/null\nif [ $? != 0 ] ; then\n    # print error to STDERR\n    echo \"error: The sandbox is not in sync with the Podfile.lock. Run 'pod install' or update your CocoaPods installation.\" >&2\n    exit 1\nfi\n# This output is used by Xcode 'outputs' to avoid re-running this script phase.\necho \"SUCCESS\" > \"${SCRIPT_OUTPUT_FILE_0}\"\n";
			showEnvVarsInLog = 0;
		};
		A09B3C8218C5F6131E4322CC /* [CP] Check Pods Manifest.lock */ = {
			isa = PBXShellScriptBuildPhase;
			buildActionMask = 2147483647;
			files = (
			);
			inputFileListPaths = (
			);
			inputPaths = (
				"${PODS_PODFILE_DIR_PATH}/Podfile.lock",
				"${PODS_ROOT}/Manifest.lock",
			);
			name = "[CP] Check Pods Manifest.lock";
			outputFileListPaths = (
			);
			outputPaths = (
				"$(DERIVED_FILE_DIR)/Pods-MuslimProTestAppTests-checkManifestLockResult.txt",
			);
			runOnlyForDeploymentPostprocessing = 0;
			shellPath = /bin/sh;
			shellScript = "diff \"${PODS_PODFILE_DIR_PATH}/Podfile.lock\" \"${PODS_ROOT}/Manifest.lock\" > /dev/null\nif [ $? != 0 ] ; then\n    # print error to STDERR\n    echo \"error: The sandbox is not in sync with the Podfile.lock. Run 'pod install' or update your CocoaPods installation.\" >&2\n    exit 1\nfi\n# This output is used by Xcode 'outputs' to avoid re-running this script phase.\necho \"SUCCESS\" > \"${SCRIPT_OUTPUT_FILE_0}\"\n";
			showEnvVarsInLog = 0;
		};
		CB3130FC0D3CFCB50757ED2F /* [CP] Copy Pods Resources */ = {
			isa = PBXShellScriptBuildPhase;
			buildActionMask = 2147483647;
			files = (
			);
			inputFileListPaths = (
				"${PODS_ROOT}/Target Support Files/Pods-MuslimProTestApp-MuslimProTestAppUITests/Pods-MuslimProTestApp-MuslimProTestAppUITests-resources-${CONFIGURATION}-input-files.xcfilelist",
			);
			name = "[CP] Copy Pods Resources";
			outputFileListPaths = (
				"${PODS_ROOT}/Target Support Files/Pods-MuslimProTestApp-MuslimProTestAppUITests/Pods-MuslimProTestApp-MuslimProTestAppUITests-resources-${CONFIGURATION}-output-files.xcfilelist",
			);
			runOnlyForDeploymentPostprocessing = 0;
			shellPath = /bin/sh;
			shellScript = "\"${PODS_ROOT}/Target Support Files/Pods-MuslimProTestApp-MuslimProTestAppUITests/Pods-MuslimProTestApp-MuslimProTestAppUITests-resources.sh\"\n";
			showEnvVarsInLog = 0;
		};
/* End PBXShellScriptBuildPhase section */

/* Begin PBXSourcesBuildPhase section */
		4D8BE6A02CFDE18E0018F747 /* Sources */ = {
			isa = PBXSourcesBuildPhase;
			buildActionMask = 2147483647;
			files = (
				4D8BE6A82CFDE18E0018F747 /* AppDelegate.swift in Sources */,
			);
			runOnlyForDeploymentPostprocessing = 0;
		};
		4D8BE6B62CFDE1920018F747 /* Sources */ = {
			isa = PBXSourcesBuildPhase;
			buildActionMask = 2147483647;
			files = (
			);
			runOnlyForDeploymentPostprocessing = 0;
		};
		4D8BE6C02CFDE1920018F747 /* Sources */ = {
			isa = PBXSourcesBuildPhase;
			buildActionMask = 2147483647;
			files = (
			);
			runOnlyForDeploymentPostprocessing = 0;
		};
/* End PBXSourcesBuildPhase section */

/* Begin PBXTargetDependency section */
		4D8BE6BC2CFDE1920018F747 /* PBXTargetDependency */ = {
			isa = PBXTargetDependency;
			target = 4D8BE6A32CFDE18E0018F747 /* MuslimProTestApp */;
			targetProxy = 4D8BE6BB2CFDE1920018F747 /* PBXContainerItemProxy */;
		};
		4D8BE6C62CFDE1920018F747 /* PBXTargetDependency */ = {
			isa = PBXTargetDependency;
			target = 4D8BE6A32CFDE18E0018F747 /* MuslimProTestApp */;
			targetProxy = 4D8BE6C52CFDE1920018F747 /* PBXContainerItemProxy */;
		};
/* End PBXTargetDependency section */

/* Begin PBXVariantGroup section */
		4D8BE6B22CFDE1910018F747 /* LaunchScreen.storyboard */ = {
			isa = PBXVariantGroup;
			children = (
				4D8BE6B32CFDE1910018F747 /* Base */,
			);
			name = LaunchScreen.storyboard;
			sourceTree = "<group>";
		};
/* End PBXVariantGroup section */

/* Begin XCBuildConfiguration section */
		4D8BE6CC2CFDE1920018F747 /* Debug */ = {
			isa = XCBuildConfiguration;
			buildSettings = {
				ALWAYS_SEARCH_USER_PATHS = NO;
				ASSETCATALOG_COMPILER_GENERATE_SWIFT_ASSET_SYMBOL_EXTENSIONS = YES;
				CLANG_ANALYZER_NONNULL = YES;
				CLANG_ANALYZER_NUMBER_OBJECT_CONVERSION = YES_AGGRESSIVE;
				CLANG_CXX_LANGUAGE_STANDARD = "gnu++20";
				CLANG_ENABLE_MODULES = YES;
				CLANG_ENABLE_OBJC_ARC = YES;
				CLANG_ENABLE_OBJC_WEAK = YES;
				CLANG_WARN_BLOCK_CAPTURE_AUTORELEASING = YES;
				CLANG_WARN_BOOL_CONVERSION = YES;
				CLANG_WARN_COMMA = YES;
				CLANG_WARN_CONSTANT_CONVERSION = YES;
				CLANG_WARN_DEPRECATED_OBJC_IMPLEMENTATIONS = YES;
				CLANG_WARN_DIRECT_OBJC_ISA_USAGE = YES_ERROR;
				CLANG_WARN_DOCUMENTATION_COMMENTS = YES;
				CLANG_WARN_EMPTY_BODY = YES;
				CLANG_WARN_ENUM_CONVERSION = YES;
				CLANG_WARN_INFINITE_RECURSION = YES;
				CLANG_WARN_INT_CONVERSION = YES;
				CLANG_WARN_NON_LITERAL_NULL_CONVERSION = YES;
				CLANG_WARN_OBJC_IMPLICIT_RETAIN_SELF = YES;
				CLANG_WARN_OBJC_LITERAL_CONVERSION = YES;
				CLANG_WARN_OBJC_ROOT_CLASS = YES_ERROR;
				CLANG_WARN_QUOTED_INCLUDE_IN_FRAMEWORK_HEADER = YES;
				CLANG_WARN_RANGE_LOOP_ANALYSIS = YES;
				CLANG_WARN_STRICT_PROTOTYPES = YES;
				CLANG_WARN_SUSPICIOUS_MOVE = YES;
				CLANG_WARN_UNGUARDED_AVAILABILITY = YES_AGGRESSIVE;
				CLANG_WARN_UNREACHABLE_CODE = YES;
				CLANG_WARN__DUPLICATE_METHOD_MATCH = YES;
				COPY_PHASE_STRIP = NO;
				DEBUG_INFORMATION_FORMAT = dwarf;
				ENABLE_STRICT_OBJC_MSGSEND = YES;
				ENABLE_TESTABILITY = YES;
				ENABLE_USER_SCRIPT_SANDBOXING = NO;
				GCC_C_LANGUAGE_STANDARD = gnu17;
				GCC_DYNAMIC_NO_PIC = NO;
				GCC_NO_COMMON_BLOCKS = YES;
				GCC_OPTIMIZATION_LEVEL = 0;
				GCC_PREPROCESSOR_DEFINITIONS = (
					"DEBUG=1",
					"$(inherited)",
				);
				GCC_WARN_64_TO_32_BIT_CONVERSION = YES;
				GCC_WARN_ABOUT_RETURN_TYPE = YES_ERROR;
				GCC_WARN_UNDECLARED_SELECTOR = YES;
				GCC_WARN_UNINITIALIZED_AUTOS = YES_AGGRESSIVE;
				GCC_WARN_UNUSED_FUNCTION = YES;
				GCC_WARN_UNUSED_VARIABLE = YES;
				IPHONEOS_DEPLOYMENT_TARGET = 17.4;
				LOCALIZATION_PREFERS_STRING_CATALOGS = YES;
				MTL_ENABLE_DEBUG_INFO = INCLUDE_SOURCE;
				MTL_FAST_MATH = YES;
				ONLY_ACTIVE_ARCH = YES;
				SDKROOT = iphoneos;
				SWIFT_ACTIVE_COMPILATION_CONDITIONS = "DEBUG $(inherited)";
				SWIFT_OPTIMIZATION_LEVEL = "-Onone";
			};
			name = Debug;
		};
		4D8BE6CD2CFDE1920018F747 /* Release */ = {
			isa = XCBuildConfiguration;
			buildSettings = {
				ALWAYS_SEARCH_USER_PATHS = NO;
				ASSETCATALOG_COMPILER_GENERATE_SWIFT_ASSET_SYMBOL_EXTENSIONS = YES;
				CLANG_ANALYZER_NONNULL = YES;
				CLANG_ANALYZER_NUMBER_OBJECT_CONVERSION = YES_AGGRESSIVE;
				CLANG_CXX_LANGUAGE_STANDARD = "gnu++20";
				CLANG_ENABLE_MODULES = YES;
				CLANG_ENABLE_OBJC_ARC = YES;
				CLANG_ENABLE_OBJC_WEAK = YES;
				CLANG_WARN_BLOCK_CAPTURE_AUTORELEASING = YES;
				CLANG_WARN_BOOL_CONVERSION = YES;
				CLANG_WARN_COMMA = YES;
				CLANG_WARN_CONSTANT_CONVERSION = YES;
				CLANG_WARN_DEPRECATED_OBJC_IMPLEMENTATIONS = YES;
				CLANG_WARN_DIRECT_OBJC_ISA_USAGE = YES_ERROR;
				CLANG_WARN_DOCUMENTATION_COMMENTS = YES;
				CLANG_WARN_EMPTY_BODY = YES;
				CLANG_WARN_ENUM_CONVERSION = YES;
				CLANG_WARN_INFINITE_RECURSION = YES;
				CLANG_WARN_INT_CONVERSION = YES;
				CLANG_WARN_NON_LITERAL_NULL_CONVERSION = YES;
				CLANG_WARN_OBJC_IMPLICIT_RETAIN_SELF = YES;
				CLANG_WARN_OBJC_LITERAL_CONVERSION = YES;
				CLANG_WARN_OBJC_ROOT_CLASS = YES_ERROR;
				CLANG_WARN_QUOTED_INCLUDE_IN_FRAMEWORK_HEADER = YES;
				CLANG_WARN_RANGE_LOOP_ANALYSIS = YES;
				CLANG_WARN_STRICT_PROTOTYPES = YES;
				CLANG_WARN_SUSPICIOUS_MOVE = YES;
				CLANG_WARN_UNGUARDED_AVAILABILITY = YES_AGGRESSIVE;
				CLANG_WARN_UNREACHABLE_CODE = YES;
				CLANG_WARN__DUPLICATE_METHOD_MATCH = YES;
				COPY_PHASE_STRIP = NO;
				DEBUG_INFORMATION_FORMAT = "dwarf-with-dsym";
				ENABLE_NS_ASSERTIONS = NO;
				ENABLE_STRICT_OBJC_MSGSEND = YES;
				ENABLE_USER_SCRIPT_SANDBOXING = NO;
				GCC_C_LANGUAGE_STANDARD = gnu17;
				GCC_NO_COMMON_BLOCKS = YES;
				GCC_WARN_64_TO_32_BIT_CONVERSION = YES;
				GCC_WARN_ABOUT_RETURN_TYPE = YES_ERROR;
				GCC_WARN_UNDECLARED_SELECTOR = YES;
				GCC_WARN_UNINITIALIZED_AUTOS = YES_AGGRESSIVE;
				GCC_WARN_UNUSED_FUNCTION = YES;
				GCC_WARN_UNUSED_VARIABLE = YES;
				IPHONEOS_DEPLOYMENT_TARGET = 17.4;
				LOCALIZATION_PREFERS_STRING_CATALOGS = YES;
				MTL_ENABLE_DEBUG_INFO = NO;
				MTL_FAST_MATH = YES;
				SDKROOT = iphoneos;
				SWIFT_COMPILATION_MODE = wholemodule;
				VALIDATE_PRODUCT = YES;
			};
			name = Release;
		};
		4D8BE6CF2CFDE1920018F747 /* Debug */ = {
			isa = XCBuildConfiguration;
			buildSettings = {
				ASSETCATALOG_COMPILER_APPICON_NAME = AppIcon;
				ASSETCATALOG_COMPILER_GLOBAL_ACCENT_COLOR_NAME = AccentColor;
				CODE_SIGN_STYLE = Manual;
				CURRENT_PROJECT_VERSION = 1;
				DEVELOPMENT_TEAM = "";
				GENERATE_INFOPLIST_FILE = YES;
				INFOPLIST_FILE = MuslimProTestApp/Info.plist;
				INFOPLIST_KEY_UIApplicationSupportsIndirectInputEvents = YES;
				INFOPLIST_KEY_UILaunchStoryboardName = LaunchScreen;
				INFOPLIST_KEY_UISupportedInterfaceOrientations = UIInterfaceOrientationPortrait;
				LD_RUNPATH_SEARCH_PATHS = (
					"$(inherited)",
					"@executable_path/Frameworks",
				);
				MARKETING_VERSION = 1.0;
				PRODUCT_BUNDLE_IDENTIFIER = com.example.MuslimProTestApp;
				PRODUCT_NAME = "$(TARGET_NAME)";
				PROVISIONING_PROFILE_SPECIFIER = "";
				SWIFT_EMIT_LOC_STRINGS = YES;
				SWIFT_VERSION = 5.0;
				TARGETED_DEVICE_FAMILY = "1,2";
			};
			name = Debug;
		};
		4D8BE6D02CFDE1920018F747 /* Release */ = {
			isa = XCBuildConfiguration;
			buildSettings = {
				ASSETCATALOG_COMPILER_APPICON_NAME = AppIcon;
				ASSETCATALOG_COMPILER_GLOBAL_ACCENT_COLOR_NAME = AccentColor;
				CODE_SIGN_STYLE = Manual;
				CURRENT_PROJECT_VERSION = 1;
				DEVELOPMENT_TEAM = "";
				GENERATE_INFOPLIST_FILE = YES;
				INFOPLIST_FILE = MuslimProTestApp/Info.plist;
				INFOPLIST_KEY_UIApplicationSupportsIndirectInputEvents = YES;
				INFOPLIST_KEY_UILaunchStoryboardName = LaunchScreen;
				INFOPLIST_KEY_UISupportedInterfaceOrientations = UIInterfaceOrientationPortrait;
				LD_RUNPATH_SEARCH_PATHS = (
					"$(inherited)",
					"@executable_path/Frameworks",
				);
				MARKETING_VERSION = 1.0;
				PRODUCT_BUNDLE_IDENTIFIER = com.example.MuslimProTestApp;
				PRODUCT_NAME = "$(TARGET_NAME)";
				PROVISIONING_PROFILE_SPECIFIER = "";
				SWIFT_EMIT_LOC_STRINGS = YES;
				SWIFT_VERSION = 5.0;
				TARGETED_DEVICE_FAMILY = "1,2";
			};
			name = Release;
		};
		4D8BE6D22CFDE1920018F747 /* Debug */ = {
			isa = XCBuildConfiguration;
			buildSettings = {
				BUNDLE_LOADER = "$(TEST_HOST)";
				CODE_SIGN_STYLE = Automatic;
				CURRENT_PROJECT_VERSION = 1;
				GENERATE_INFOPLIST_FILE = YES;
				IPHONEOS_DEPLOYMENT_TARGET = 17.4;
				MARKETING_VERSION = 1.0;
				PRODUCT_BUNDLE_IDENTIFIER = com.example.MuslimProTestAppTests;
				PRODUCT_NAME = "$(TARGET_NAME)";
				SWIFT_EMIT_LOC_STRINGS = NO;
				SWIFT_VERSION = 5.0;
				TARGETED_DEVICE_FAMILY = "1,2";
				TEST_HOST = "$(BUILT_PRODUCTS_DIR)/MuslimProTestApp.app/$(BUNDLE_EXECUTABLE_FOLDER_PATH)/MuslimProTestApp";
			};
			name = Debug;
		};
		4D8BE6D32CFDE1920018F747 /* Release */ = {
			isa = XCBuildConfiguration;
			buildSettings = {
				BUNDLE_LOADER = "$(TEST_HOST)";
				CODE_SIGN_STYLE = Automatic;
				CURRENT_PROJECT_VERSION = 1;
				GENERATE_INFOPLIST_FILE = YES;
				IPHONEOS_DEPLOYMENT_TARGET = 17.4;
				MARKETING_VERSION = 1.0;
				PRODUCT_BUNDLE_IDENTIFIER = com.example.MuslimProTestAppTests;
				PRODUCT_NAME = "$(TARGET_NAME)";
				SWIFT_EMIT_LOC_STRINGS = NO;
				SWIFT_VERSION = 5.0;
				TARGETED_DEVICE_FAMILY = "1,2";
				TEST_HOST = "$(BUILT_PRODUCTS_DIR)/MuslimProTestApp.app/$(BUNDLE_EXECUTABLE_FOLDER_PATH)/MuslimProTestApp";
			};
			name = Release;
		};
		4D8BE6D52CFDE1920018F747 /* Debug */ = {
			isa = XCBuildConfiguration;
			buildSettings = {
				CODE_SIGN_STYLE = Automatic;
				CURRENT_PROJECT_VERSION = 1;
				GENERATE_INFOPLIST_FILE = YES;
				MARKETING_VERSION = 1.0;
				PRODUCT_BUNDLE_IDENTIFIER = com.example.MuslimProTestAppUITests;
				PRODUCT_NAME = "$(TARGET_NAME)";
				SWIFT_EMIT_LOC_STRINGS = NO;
				SWIFT_VERSION = 5.0;
				TARGETED_DEVICE_FAMILY = "1,2";
				TEST_TARGET_NAME = MuslimProTestApp;
			};
			name = Debug;
		};
		4D8BE6D62CFDE1920018F747 /* Release */ = {
			isa = XCBuildConfiguration;
			buildSettings = {
				CODE_SIGN_STYLE = Automatic;
				CURRENT_PROJECT_VERSION = 1;
				GENERATE_INFOPLIST_FILE = YES;
				MARKETING_VERSION = 1.0;
				PRODUCT_BUNDLE_IDENTIFIER = com.example.MuslimProTestAppUITests;
				PRODUCT_NAME = "$(TARGET_NAME)";
				SWIFT_EMIT_LOC_STRINGS = NO;
				SWIFT_VERSION = 5.0;
				TARGETED_DEVICE_FAMILY = "1,2";
				TEST_TARGET_NAME = MuslimProTestApp;
			};
			name = Release;
		};
/* End XCBuildConfiguration section */

/* Begin XCConfigurationList section */
		4D8BE69F2CFDE18E0018F747 /* Build configuration list for PBXProject "MuslimProTestApp" */ = {
			isa = XCConfigurationList;
			buildConfigurations = (
				4D8BE6CC2CFDE1920018F747 /* Debug */,
				4D8BE6CD2CFDE1920018F747 /* Release */,
			);
			defaultConfigurationIsVisible = 0;
			defaultConfigurationName = Release;
		};
		4D8BE6CE2CFDE1920018F747 /* Build configuration list for PBXNativeTarget "MuslimProTestApp" */ = {
			isa = XCConfigurationList;
			buildConfigurations = (
				4D8BE6CF2CFDE1920018F747 /* Debug */,
				4D8BE6D02CFDE1920018F747 /* Release */,
			);
			defaultConfigurationIsVisible = 0;
			defaultConfigurationName = Release;
		};
		4D8BE6D12CFDE1920018F747 /* Build configuration list for PBXNativeTarget "MuslimProTestAppTests" */ = {
			isa = XCConfigurationList;
			buildConfigurations = (
				4D8BE6D22CFDE1920018F747 /* Debug */,
				4D8BE6D32CFDE1920018F747 /* Release */,
			);
			defaultConfigurationIsVisible = 0;
			defaultConfigurationName = Release;
		};
		4D8BE6D42CFDE1920018F747 /* Build configuration list for PBXNativeTarget "MuslimProTestAppUITests" */ = {
			isa = XCConfigurationList;
			buildConfigurations = (
				4D8BE6D52CFDE1920018F747 /* Debug */,
				4D8BE6D62CFDE1920018F747 /* Release */,
			);
			defaultConfigurationIsVisible = 0;
			defaultConfigurationName = Release;
		};
/* End XCConfigurationList section */

/* Begin XCRemoteSwiftPackageReference section */
		4DEFCC072CFED107001A0F26 /* XCRemoteSwiftPackageReference "swift-package-manager-google-mobile-ads" */ = {
			isa = XCRemoteSwiftPackageReference;
			repositoryURL = "https://github.com/googleads/swift-package-manager-google-mobile-ads.git";
			requirement = {
				kind = upToNextMajorVersion;
				minimumVersion = 11.12.0;
			};
		};
/* End XCRemoteSwiftPackageReference section */

/* Begin XCSwiftPackageProductDependency section */
		4DEFCC082CFED107001A0F26 /* GoogleMobileAds */ = {
			isa = XCSwiftPackageProductDependency;
			package = 4DEFCC072CFED107001A0F26 /* XCRemoteSwiftPackageReference "swift-package-manager-google-mobile-ads" */;
			productName = GoogleMobileAds;
		};
/* End XCSwiftPackageProductDependency section */
	};
	rootObject = 4D8BE69C2CFDE18E0018F747 /* Project object */;
}
